// !$*UTF8*$!
{
	archiveVersion = 1;
	classes = {
	};
	objectVersion = 46;
	objects = {

/* Begin PBXBuildFile section */
		CDE84AE31AEC8FA600AD4CAF /* main.cpp in Sources */ = {isa = PBXBuildFile; fileRef = CDE84AE21AEC8FA600AD4CAF /* main.cpp */; };
		CDE84AEB1AEC8FD800AD4CAF /* libGLTools.a in Frameworks */ = {isa = PBXBuildFile; fileRef = CDE84AEA1AEC8FD800AD4CAF /* libGLTools.a */; };
		CDE84AED1AEC905E00AD4CAF /* OpenGL.framework in Frameworks */ = {isa = PBXBuildFile; fileRef = CDE84AEC1AEC905E00AD4CAF /* OpenGL.framework */; };
		CDE84AEF1AEC907700AD4CAF /* GLUT.framework in Frameworks */ = {isa = PBXBuildFile; fileRef = CDE84AEE1AEC907700AD4CAF /* GLUT.framework */; };
/* End PBXBuildFile section */

/* Begin PBXCopyFilesBuildPhase section */
		CDE84ADD1AEC8FA600AD4CAF /* CopyFiles */ = {
			isa = PBXCopyFilesBuildPhase;
			buildActionMask = 2147483647;
			dstPath = /usr/share/man/man1/;
			dstSubfolderSpec = 0;
			files = (
			);
			runOnlyForDeploymentPostprocessing = 1;
		};
/* End PBXCopyFilesBuildPhase section */

/* Begin PBXFileReference section */
		CDE84ADF1AEC8FA600AD4CAF /* Project3 */ = {isa = PBXFileReference; explicitFileType = "compiled.mach-o.executable"; includeInIndex = 0; path = Project3; sourceTree = BUILT_PRODUCTS_DIR; };
		CDE84AE21AEC8FA600AD4CAF /* main.cpp */ = {isa = PBXFileReference; lastKnownFileType = sourcecode.cpp.cpp; path = main.cpp; sourceTree = "<group>"; };
		CDE84AEA1AEC8FD800AD4CAF /* libGLTools.a */ = {isa = PBXFileReference; lastKnownFileType = archive.ar; path = libGLTools.a; sourceTree = "<group>"; };
		CDE84AEC1AEC905E00AD4CAF /* OpenGL.framework */ = {isa = PBXFileReference; lastKnownFileType = wrapper.framework; name = OpenGL.framework; path = System/Library/Frameworks/OpenGL.framework; sourceTree = SDKROOT; };
		CDE84AEE1AEC907700AD4CAF /* GLUT.framework */ = {isa = PBXFileReference; lastKnownFileType = wrapper.framework; name = GLUT.framework; path = System/Library/Frameworks/GLUT.framework; sourceTree = SDKROOT; };
/* End PBXFileReference section */

/* Begin PBXFrameworksBuildPhase section */
		CDE84ADC1AEC8FA600AD4CAF /* Frameworks */ = {
			isa = PBXFrameworksBuildPhase;
			buildActionMask = 2147483647;
			files = (
				CDE84AEF1AEC907700AD4CAF /* GLUT.framework in Frameworks */,
				CDE84AED1AEC905E00AD4CAF /* OpenGL.framework in Frameworks */,
				CDE84AEB1AEC8FD800AD4CAF /* libGLTools.a in Frameworks */,
			);
			runOnlyForDeploymentPostprocessing = 0;
		};
/* End PBXFrameworksBuildPhase section */

/* Begin PBXGroup section */
		CDE84AD61AEC8FA600AD4CAF = {
			isa = PBXGroup;
			children = (
				CDE84AE91AEC8FAF00AD4CAF /* framework */,
				CDE84AE11AEC8FA600AD4CAF /* Project3 */,
				CDE84AE01AEC8FA600AD4CAF /* Products */,
			);
			sourceTree = "<group>";
		};
		CDE84AE01AEC8FA600AD4CAF /* Products */ = {
			isa = PBXGroup;
			children = (
				CDE84ADF1AEC8FA600AD4CAF /* Project3 */,
			);
			name = Products;
			sourceTree = "<group>";
		};
		CDE84AE11AEC8FA600AD4CAF /* Project3 */ = {
			isa = PBXGroup;
			children = (
				CDE84AE21AEC8FA600AD4CAF /* main.cpp */,
			);
			path = Project3;
			sourceTree = "<group>";
		};
		CDE84AE91AEC8FAF00AD4CAF /* framework */ = {
			isa = PBXGroup;
			children = (
				CDE84AEE1AEC907700AD4CAF /* GLUT.framework */,
				CDE84AEC1AEC905E00AD4CAF /* OpenGL.framework */,
				CDE84AEA1AEC8FD800AD4CAF /* libGLTools.a */,
			);
			name = framework;
			sourceTree = "<group>";
		};
/* End PBXGroup section */

/* Begin PBXNativeTarget section */
		CDE84ADE1AEC8FA600AD4CAF /* Project3 */ = {
			isa = PBXNativeTarget;
			buildConfigurationList = CDE84AE61AEC8FA600AD4CAF /* Build configuration list for PBXNativeTarget "Project3" */;
			buildPhases = (
				CDE84ADB1AEC8FA600AD4CAF /* Sources */,
				CDE84ADC1AEC8FA600AD4CAF /* Frameworks */,
				CDE84ADD1AEC8FA600AD4CAF /* CopyFiles */,
			);
			buildRules = (
			);
			dependencies = (
			);
			name = Project3;
			productName = Project3;
			productReference = CDE84ADF1AEC8FA600AD4CAF /* Project3 */;
			productType = "com.apple.product-type.tool";
		};
/* End PBXNativeTarget section */

/* Begin PBXProject section */
		CDE84AD71AEC8FA600AD4CAF /* Project object */ = {
			isa = PBXProject;
			attributes = {
				LastUpgradeCheck = 0630;
				ORGANIZATIONNAME = xsdlr;
				TargetAttributes = {
					CDE84ADE1AEC8FA600AD4CAF = {
						CreatedOnToolsVersion = 6.3.1;
					};
				};
			};
			buildConfigurationList = CDE84ADA1AEC8FA600AD4CAF /* Build configuration list for PBXProject "Project3" */;
			compatibilityVersion = "Xcode 3.2";
			developmentRegion = English;
			hasScannedForEncodings = 0;
			knownRegions = (
				en,
			);
			mainGroup = CDE84AD61AEC8FA600AD4CAF;
			productRefGroup = CDE84AE01AEC8FA600AD4CAF /* Products */;
			projectDirPath = "";
			projectRoot = "";
			targets = (
				CDE84ADE1AEC8FA600AD4CAF /* Project3 */,
			);
		};
/* End PBXProject section */

/* Begin PBXSourcesBuildPhase section */
		CDE84ADB1AEC8FA600AD4CAF /* Sources */ = {
			isa = PBXSourcesBuildPhase;
			buildActionMask = 2147483647;
			files = (
				CDE84AE31AEC8FA600AD4CAF /* main.cpp in Sources */,
			);
			runOnlyForDeploymentPostprocessing = 0;
		};
/* End PBXSourcesBuildPhase section */

/* Begin XCBuildConfiguration section */
		CDE84AE41AEC8FA600AD4CAF /* Debug */ = {
			isa = XCBuildConfiguration;
			buildSettings = {
				ALWAYS_SEARCH_USER_PATHS = NO;
				CLANG_CXX_LANGUAGE_STANDARD = "gnu++0x";
				CLANG_CXX_LIBRARY = "libc++";
				CLANG_ENABLE_MODULES = YES;
				CLANG_ENABLE_OBJC_ARC = YES;
				CLANG_WARN_BOOL_CONVERSION = YES;
				CLANG_WARN_CONSTANT_CONVERSION = YES;
				CLANG_WARN_DIRECT_OBJC_ISA_USAGE = YES_ERROR;
				CLANG_WARN_EMPTY_BODY = YES;
				CLANG_WARN_ENUM_CONVERSION = YES;
				CLANG_WARN_INT_CONVERSION = YES;
				CLANG_WARN_OBJC_ROOT_CLASS = YES_ERROR;
				CLANG_WARN_UNREACHABLE_CODE = YES;
				CLANG_WARN__DUPLICATE_METHOD_MATCH = YES;
				COPY_PHASE_STRIP = NO;
				DEBUG_INFORMATION_FORMAT = dwarf;
				ENABLE_STRICT_OBJC_MSGSEND = YES;
				GCC_C_LANGUAGE_STANDARD = gnu99;
				GCC_DYNAMIC_NO_PIC = NO;
				GCC_NO_COMMON_BLOCKS = YES;
				GCC_OPTIMIZATION_LEVEL = 0;
				GCC_PREPROCESSOR_DEFINITIONS = (
					"DEBUG=1",
					"$(inherited)",
				);
				GCC_SYMBOLS_PRIVATE_EXTERN = NO;
				GCC_WARN_64_TO_32_BIT_CONVERSION = YES;
				GCC_WARN_ABOUT_RETURN_TYPE = YES_ERROR;
				GCC_WARN_UNDECLARED_SELECTOR = YES;
				GCC_WARN_UNINITIALIZED_AUTOS = YES_AGGRESSIVE;
				GCC_WARN_UNUSED_FUNCTION = YES;
				GCC_WARN_UNUSED_VARIABLE = YES;
				MACOSX_DEPLOYMENT_TARGET = 10.10;
				MTL_ENABLE_DEBUG_INFO = YES;
				ONLY_ACTIVE_ARCH = YES;
				SDKROOT = macosx;
			};
			name = Debug;
		};
		CDE84AE51AEC8FA600AD4CAF /* Release */ = {
			isa = XCBuildConfiguration;
			buildSettings = {
				ALWAYS_SEARCH_USER_PATHS = NO;
				CLANG_CXX_LANGUAGE_STANDARD = "gnu++0x";
				CLANG_CXX_LIBRARY = "libc++";
				CLANG_ENABLE_MODULES = YES;
				CLANG_ENABLE_OBJC_ARC = YES;
				CLANG_WARN_BOOL_CONVERSION = YES;
				CLANG_WARN_CONSTANT_CONVERSION = YES;
				CLANG_WARN_DIRECT_OBJC_ISA_USAGE = YES_ERROR;
				CLANG_WARN_EMPTY_BODY = YES;
				CLANG_WARN_ENUM_CONVERSION = YES;
				CLANG_WARN_INT_CONVERSION = YES;
				CLANG_WARN_OBJC_ROOT_CLASS = YES_ERROR;
				CLANG_WARN_UNREACHABLE_CODE = YES;
				CLANG_WARN__DUPLICATE_METHOD_MATCH = YES;
				COPY_PHASE_STRIP = NO;
				DEBUG_INFORMATION_FORMAT = "dwarf-with-dsym";
				ENABLE_NS_ASSERTIONS = NO;
				ENABLE_STRICT_OBJC_MSGSEND = YES;
				GCC_C_LANGUAGE_STANDARD = gnu99;
				GCC_NO_COMMON_BLOCKS = YES;
				GCC_WARN_64_TO_32_BIT_CONVERSION = YES;
				GCC_WARN_ABOUT_RETURN_TYPE = YES_ERROR;
				GCC_WARN_UNDECLARED_SELECTOR = YES;
				GCC_WARN_UNINITIALIZED_AUTOS = YES_AGGRESSIVE;
				GCC_WARN_UNUSED_FUNCTION = YES;
				GCC_WARN_UNUSED_VARIABLE = YES;
				MACOSX_DEPLOYMENT_TARGET = 10.10;
				MTL_ENABLE_DEBUG_INFO = NO;
				SDKROOT = macosx;
			};
			name = Release;
		};
		CDE84AE71AEC8FA600AD4CAF /* Debug */ = {
			isa = XCBuildConfiguration;
			buildSettings = {
				HEADER_SEARCH_PATHS = (
					"$(inherited)",
					/Applications/Xcode.app/Contents/Developer/Toolchains/XcodeDefault.xctoolchain/usr/include,
					"$(SRCROOT)/../GLTools/include",
				);
				LIBRARY_SEARCH_PATHS = (
					"$(inherited)",
					"$(PROJECT_DIR)",
				);
				PRODUCT_NAME = "$(TARGET_NAME)";
			};
			name = Debug;
		};
		CDE84AE81AEC8FA600AD4CAF /* Release */ = {
			isa = XCBuildConfiguration;
			buildSettings = {
				HEADER_SEARCH_PATHS = (
					"$(inherited)",
					/Applications/Xcode.app/Contents/Developer/Toolchains/XcodeDefault.xctoolchain/usr/include,
					"$(SRCROOT)/../GLTools/include",
				);
				LIBRARY_SEARCH_PATHS = (
					"$(inherited)",
					"$(PROJECT_DIR)",
				);
				PRODUCT_NAME = "$(TARGET_NAME)";
			};
			name = Release;
		};
/* End XCBuildConfiguration section */

/* Begin XCConfigurationList section */
		CDE84ADA1AEC8FA600AD4CAF /* Build configuration list for PBXProject "Project3" */ = {
			isa = XCConfigurationList;
			buildConfigurations = (
				CDE84AE41AEC8FA600AD4CAF /* Debug */,
				CDE84AE51AEC8FA600AD4CAF /* Release */,
			);
			defaultConfigurationIsVisible = 0;
			defaultConfigurationName = Release;
		};
		CDE84AE61AEC8FA600AD4CAF /* Build configuration list for PBXNativeTarget "Project3" */ = {
			isa = XCConfigurationList;
			buildConfigurations = (
				CDE84AE71AEC8FA600AD4CAF /* Debug */,
				CDE84AE81AEC8FA600AD4CAF /* Release */,
			);
			defaultConfigurationIsVisible = 0;
			defaultConfigurationName = Release;
		};
/* End XCConfigurationList section */
	};
	rootObject = CDE84AD71AEC8FA600AD4CAF /* Project object */;
}
